// !$*UTF8*$!
{
	archiveVersion = 1;
	classes = {
	};
	objectVersion = 46;
	objects = {

/* Begin PBXBuildFile section */
		1C4D9E87199899C700C88704 /* Foundation.framework in Frameworks */ = {isa = PBXBuildFile; fileRef = 1C4D9E86199899C700C88704 /* Foundation.framework */; };
		1C4D9E89199899C700C88704 /* CoreGraphics.framework in Frameworks */ = {isa = PBXBuildFile; fileRef = 1C4D9E88199899C700C88704 /* CoreGraphics.framework */; };
		1C4D9E8B199899C700C88704 /* UIKit.framework in Frameworks */ = {isa = PBXBuildFile; fileRef = 1C4D9E8A199899C700C88704 /* UIKit.framework */; };
		1C4D9E91199899C700C88704 /* InfoPlist.strings in Resources */ = {isa = PBXBuildFile; fileRef = 1C4D9E8F199899C700C88704 /* InfoPlist.strings */; };
		1C4D9E93199899C700C88704 /* main.m in Sources */ = {isa = PBXBuildFile; fileRef = 1C4D9E92199899C700C88704 /* main.m */; };
		1C4D9E97199899C800C88704 /* CCAppDelegate.m in Sources */ = {isa = PBXBuildFile; fileRef = 1C4D9E96199899C800C88704 /* CCAppDelegate.m */; };
		1C4D9E9A199899C800C88704 /* Main.storyboard in Resources */ = {isa = PBXBuildFile; fileRef = 1C4D9E98199899C800C88704 /* Main.storyboard */; };
		1C4D9E9D199899C800C88704 /* CCViewController.m in Sources */ = {isa = PBXBuildFile; fileRef = 1C4D9E9C199899C800C88704 /* CCViewController.m */; };
		1C4D9E9F199899C800C88704 /* Images.xcassets in Resources */ = {isa = PBXBuildFile; fileRef = 1C4D9E9E199899C800C88704 /* Images.xcassets */; };
		1C4D9EA6199899C800C88704 /* XCTest.framework in Frameworks */ = {isa = PBXBuildFile; fileRef = 1C4D9EA5199899C800C88704 /* XCTest.framework */; };
		1C4D9EA7199899C800C88704 /* Foundation.framework in Frameworks */ = {isa = PBXBuildFile; fileRef = 1C4D9E86199899C700C88704 /* Foundation.framework */; };
		1C4D9EA8199899C800C88704 /* UIKit.framework in Frameworks */ = {isa = PBXBuildFile; fileRef = 1C4D9E8A199899C700C88704 /* UIKit.framework */; };
		1C4D9EB0199899C800C88704 /* InfoPlist.strings in Resources */ = {isa = PBXBuildFile; fileRef = 1C4D9EAE199899C800C88704 /* InfoPlist.strings */; };
		1C4D9EB2199899C800C88704 /* UploadDemoTests.m in Sources */ = {isa = PBXBuildFile; fileRef = 1C4D9EB1199899C800C88704 /* UploadDemoTests.m */; };
		1CF4CED819AC6BF00050C09A /* AFDownloadRequestOperation.m in Sources */ = {isa = PBXBuildFile; fileRef = 1CF4CED519AC6BF00050C09A /* AFDownloadRequestOperation.m */; };
		1CF4CED919AC6BF00050C09A /* DownLoadService.m in Sources */ = {isa = PBXBuildFile; fileRef = 1CF4CED719AC6BF00050C09A /* DownLoadService.m */; };
		914230FC34B14CDB8B840770 /* libPods.a in Frameworks */ = {isa = PBXBuildFile; fileRef = 18432847A7374D9BB5D3F767 /* libPods.a */; };
/* End PBXBuildFile section */

/* Begin PBXContainerItemProxy section */
		1C4D9EA9199899C800C88704 /* PBXContainerItemProxy */ = {
			isa = PBXContainerItemProxy;
			containerPortal = 1C4D9E7B199899C700C88704 /* Project object */;
			proxyType = 1;
			remoteGlobalIDString = 1C4D9E82199899C700C88704;
			remoteInfo = UploadDemo;
		};
/* End PBXContainerItemProxy section */

/* Begin PBXFileReference section */
		1392E9A468804217A914530D /* Pods.xcconfig */ = {isa = PBXFileReference; includeInIndex = 1; lastKnownFileType = text.xcconfig; name = Pods.xcconfig; path = Pods/Pods.xcconfig; sourceTree = "<group>"; };
		18432847A7374D9BB5D3F767 /* libPods.a */ = {isa = PBXFileReference; explicitFileType = archive.ar; includeInIndex = 0; path = libPods.a; sourceTree = BUILT_PRODUCTS_DIR; };
		1C4D9E83199899C700C88704 /* UploadDemo.app */ = {isa = PBXFileReference; explicitFileType = wrapper.application; includeInIndex = 0; path = UploadDemo.app; sourceTree = BUILT_PRODUCTS_DIR; };
		1C4D9E86199899C700C88704 /* Foundation.framework */ = {isa = PBXFileReference; lastKnownFileType = wrapper.framework; name = Foundation.framework; path = System/Library/Frameworks/Foundation.framework; sourceTree = SDKROOT; };
		1C4D9E88199899C700C88704 /* CoreGraphics.framework */ = {isa = PBXFileReference; lastKnownFileType = wrapper.framework; name = CoreGraphics.framework; path = System/Library/Frameworks/CoreGraphics.framework; sourceTree = SDKROOT; };
		1C4D9E8A199899C700C88704 /* UIKit.framework */ = {isa = PBXFileReference; lastKnownFileType = wrapper.framework; name = UIKit.framework; path = System/Library/Frameworks/UIKit.framework; sourceTree = SDKROOT; };
		1C4D9E8E199899C700C88704 /* UploadDemo-Info.plist */ = {isa = PBXFileReference; lastKnownFileType = text.plist.xml; path = "UploadDemo-Info.plist"; sourceTree = "<group>"; };
		1C4D9E90199899C700C88704 /* en */ = {isa = PBXFileReference; lastKnownFileType = text.plist.strings; name = en; path = en.lproj/InfoPlist.strings; sourceTree = "<group>"; };
		1C4D9E92199899C700C88704 /* main.m */ = {isa = PBXFileReference; lastKnownFileType = sourcecode.c.objc; path = main.m; sourceTree = "<group>"; };
		1C4D9E94199899C700C88704 /* UploadDemo-Prefix.pch */ = {isa = PBXFileReference; lastKnownFileType = sourcecode.c.h; path = "UploadDemo-Prefix.pch"; sourceTree = "<group>"; };
		1C4D9E95199899C700C88704 /* CCAppDelegate.h */ = {isa = PBXFileReference; lastKnownFileType = sourcecode.c.h; path = CCAppDelegate.h; sourceTree = "<group>"; };
		1C4D9E96199899C800C88704 /* CCAppDelegate.m */ = {isa = PBXFileReference; lastKnownFileType = sourcecode.c.objc; path = CCAppDelegate.m; sourceTree = "<group>"; };
		1C4D9E99199899C800C88704 /* Base */ = {isa = PBXFileReference; lastKnownFileType = file.storyboard; name = Base; path = Base.lproj/Main.storyboard; sourceTree = "<group>"; };
		1C4D9E9B199899C800C88704 /* CCViewController.h */ = {isa = PBXFileReference; lastKnownFileType = sourcecode.c.h; path = CCViewController.h; sourceTree = "<group>"; };
		1C4D9E9C199899C800C88704 /* CCViewController.m */ = {isa = PBXFileReference; lastKnownFileType = sourcecode.c.objc; path = CCViewController.m; sourceTree = "<group>"; };
		1C4D9E9E199899C800C88704 /* Images.xcassets */ = {isa = PBXFileReference; lastKnownFileType = folder.assetcatalog; path = Images.xcassets; sourceTree = "<group>"; };
		1C4D9EA4199899C800C88704 /* UploadDemoTests.xctest */ = {isa = PBXFileReference; explicitFileType = wrapper.cfbundle; includeInIndex = 0; path = UploadDemoTests.xctest; sourceTree = BUILT_PRODUCTS_DIR; };
		1C4D9EA5199899C800C88704 /* XCTest.framework */ = {isa = PBXFileReference; lastKnownFileType = wrapper.framework; name = XCTest.framework; path = Library/Frameworks/XCTest.framework; sourceTree = DEVELOPER_DIR; };
		1C4D9EAD199899C800C88704 /* UploadDemoTests-Info.plist */ = {isa = PBXFileReference; lastKnownFileType = text.plist.xml; path = "UploadDemoTests-Info.plist"; sourceTree = "<group>"; };
		1C4D9EAF199899C800C88704 /* en */ = {isa = PBXFileReference; lastKnownFileType = text.plist.strings; name = en; path = en.lproj/InfoPlist.strings; sourceTree = "<group>"; };
		1C4D9EB1199899C800C88704 /* UploadDemoTests.m */ = {isa = PBXFileReference; lastKnownFileType = sourcecode.c.objc; path = UploadDemoTests.m; sourceTree = "<group>"; };
		1CF4CED419AC6BF00050C09A /* AFDownloadRequestOperation.h */ = {isa = PBXFileReference; fileEncoding = 4; lastKnownFileType = sourcecode.c.h; path = AFDownloadRequestOperation.h; sourceTree = "<group>"; };
		1CF4CED519AC6BF00050C09A /* AFDownloadRequestOperation.m */ = {isa = PBXFileReference; fileEncoding = 4; lastKnownFileType = sourcecode.c.objc; path = AFDownloadRequestOperation.m; sourceTree = "<group>"; };
		1CF4CED619AC6BF00050C09A /* DownLoadService.h */ = {isa = PBXFileReference; fileEncoding = 4; lastKnownFileType = sourcecode.c.h; path = DownLoadService.h; sourceTree = "<group>"; };
		1CF4CED719AC6BF00050C09A /* DownLoadService.m */ = {isa = PBXFileReference; fileEncoding = 4; lastKnownFileType = sourcecode.c.objc; path = DownLoadService.m; sourceTree = "<group>"; };
/* End PBXFileReference section */

/* Begin PBXFrameworksBuildPhase section */
		1C4D9E80199899C700C88704 /* Frameworks */ = {
			isa = PBXFrameworksBuildPhase;
			buildActionMask = 2147483647;
			files = (
				1C4D9E89199899C700C88704 /* CoreGraphics.framework in Frameworks */,
				1C4D9E8B199899C700C88704 /* UIKit.framework in Frameworks */,
				1C4D9E87199899C700C88704 /* Foundation.framework in Frameworks */,
				914230FC34B14CDB8B840770 /* libPods.a in Frameworks */,
			);
			runOnlyForDeploymentPostprocessing = 0;
		};
		1C4D9EA1199899C800C88704 /* Frameworks */ = {
			isa = PBXFrameworksBuildPhase;
			buildActionMask = 2147483647;
			files = (
				1C4D9EA6199899C800C88704 /* XCTest.framework in Frameworks */,
				1C4D9EA8199899C800C88704 /* UIKit.framework in Frameworks */,
				1C4D9EA7199899C800C88704 /* Foundation.framework in Frameworks */,
			);
			runOnlyForDeploymentPostprocessing = 0;
		};
/* End PBXFrameworksBuildPhase section */

/* Begin PBXGroup section */
		1C4D9E7A199899C700C88704 = {
			isa = PBXGroup;
			children = (
				1C4D9E8C199899C700C88704 /* UploadDemo */,
				1C4D9EAB199899C800C88704 /* UploadDemoTests */,
				1C4D9E85199899C700C88704 /* Frameworks */,
				1C4D9E84199899C700C88704 /* Products */,
				1392E9A468804217A914530D /* Pods.xcconfig */,
			);
			sourceTree = "<group>";
		};
		1C4D9E84199899C700C88704 /* Products */ = {
			isa = PBXGroup;
			children = (
				1C4D9E83199899C700C88704 /* UploadDemo.app */,
				1C4D9EA4199899C800C88704 /* UploadDemoTests.xctest */,
			);
			name = Products;
			sourceTree = "<group>";
		};
		1C4D9E85199899C700C88704 /* Frameworks */ = {
			isa = PBXGroup;
			children = (
				1C4D9E86199899C700C88704 /* Foundation.framework */,
				1C4D9E88199899C700C88704 /* CoreGraphics.framework */,
				1C4D9E8A199899C700C88704 /* UIKit.framework */,
				1C4D9EA5199899C800C88704 /* XCTest.framework */,
				18432847A7374D9BB5D3F767 /* libPods.a */,
			);
			name = Frameworks;
			sourceTree = "<group>";
		};
		1C4D9E8C199899C700C88704 /* UploadDemo */ = {
			isa = PBXGroup;
			children = (
				1C4D9E95199899C700C88704 /* CCAppDelegate.h */,
				1C4D9E96199899C800C88704 /* CCAppDelegate.m */,
				1C4D9E98199899C800C88704 /* Main.storyboard */,
				1C4D9E9B199899C800C88704 /* CCViewController.h */,
				1C4D9E9C199899C800C88704 /* CCViewController.m */,
				1CF4CED319AC6BF00050C09A /* DownLoadService */,
				1C4D9E9E199899C800C88704 /* Images.xcassets */,
				1C4D9E8D199899C700C88704 /* Supporting Files */,
			);
			path = UploadDemo;
			sourceTree = "<group>";
		};
		1C4D9E8D199899C700C88704 /* Supporting Files */ = {
			isa = PBXGroup;
			children = (
				1C4D9E8E199899C700C88704 /* UploadDemo-Info.plist */,
				1C4D9E8F199899C700C88704 /* InfoPlist.strings */,
				1C4D9E92199899C700C88704 /* main.m */,
				1C4D9E94199899C700C88704 /* UploadDemo-Prefix.pch */,
			);
			name = "Supporting Files";
			sourceTree = "<group>";
		};
		1C4D9EAB199899C800C88704 /* UploadDemoTests */ = {
			isa = PBXGroup;
			children = (
				1C4D9EB1199899C800C88704 /* UploadDemoTests.m */,
				1C4D9EAC199899C800C88704 /* Supporting Files */,
			);
			path = UploadDemoTests;
			sourceTree = "<group>";
		};
		1C4D9EAC199899C800C88704 /* Supporting Files */ = {
			isa = PBXGroup;
			children = (
				1C4D9EAD199899C800C88704 /* UploadDemoTests-Info.plist */,
				1C4D9EAE199899C800C88704 /* InfoPlist.strings */,
			);
			name = "Supporting Files";
			sourceTree = "<group>";
		};
		1CF4CED319AC6BF00050C09A /* DownLoadService */ = {
			isa = PBXGroup;
			children = (
				1CF4CED419AC6BF00050C09A /* AFDownloadRequestOperation.h */,
				1CF4CED519AC6BF00050C09A /* AFDownloadRequestOperation.m */,
				1CF4CED619AC6BF00050C09A /* DownLoadService.h */,
				1CF4CED719AC6BF00050C09A /* DownLoadService.m */,
			);
			path = DownLoadService;
			sourceTree = "<group>";
		};
/* End PBXGroup section */

/* Begin PBXNativeTarget section */
		1C4D9E82199899C700C88704 /* UploadDemo */ = {
			isa = PBXNativeTarget;
			buildConfigurationList = 1C4D9EB5199899C800C88704 /* Build configuration list for PBXNativeTarget "UploadDemo" */;
			buildPhases = (
				72810AAB6DE24015B0D9068B /* Check Pods Manifest.lock */,
				1C4D9E7F199899C700C88704 /* Sources */,
				1C4D9E80199899C700C88704 /* Frameworks */,
				1C4D9E81199899C700C88704 /* Resources */,
				B0FEACD5C3894AE383E12538 /* Copy Pods Resources */,
			);
			buildRules = (
			);
			dependencies = (
			);
			name = UploadDemo;
			productName = UploadDemo;
			productReference = 1C4D9E83199899C700C88704 /* UploadDemo.app */;
			productType = "com.apple.product-type.application";
		};
		1C4D9EA3199899C800C88704 /* UploadDemoTests */ = {
			isa = PBXNativeTarget;
			buildConfigurationList = 1C4D9EB8199899C800C88704 /* Build configuration list for PBXNativeTarget "UploadDemoTests" */;
			buildPhases = (
				1C4D9EA0199899C800C88704 /* Sources */,
				1C4D9EA1199899C800C88704 /* Frameworks */,
				1C4D9EA2199899C800C88704 /* Resources */,
			);
			buildRules = (
			);
			dependencies = (
				1C4D9EAA199899C800C88704 /* PBXTargetDependency */,
			);
			name = UploadDemoTests;
			productName = UploadDemoTests;
			productReference = 1C4D9EA4199899C800C88704 /* UploadDemoTests.xctest */;
			productType = "com.apple.product-type.bundle.unit-test";
		};
/* End PBXNativeTarget section */

/* Begin PBXProject section */
		1C4D9E7B199899C700C88704 /* Project object */ = {
			isa = PBXProject;
			attributes = {
				CLASSPREFIX = CC;
				LastUpgradeCheck = 0510;
				ORGANIZATIONNAME = www.heyuan110.com;
				TargetAttributes = {
					1C4D9EA3199899C800C88704 = {
						TestTargetID = 1C4D9E82199899C700C88704;
					};
				};
			};
			buildConfigurationList = 1C4D9E7E199899C700C88704 /* Build configuration list for PBXProject "UploadDemo" */;
			compatibilityVersion = "Xcode 3.2";
			developmentRegion = English;
			hasScannedForEncodings = 0;
			knownRegions = (
				en,
				Base,
			);
			mainGroup = 1C4D9E7A199899C700C88704;
			productRefGroup = 1C4D9E84199899C700C88704 /* Products */;
			projectDirPath = "";
			projectRoot = "";
			targets = (
				1C4D9E82199899C700C88704 /* UploadDemo */,
				1C4D9EA3199899C800C88704 /* UploadDemoTests */,
			);
		};
/* End PBXProject section */

/* Begin PBXResourcesBuildPhase section */
		1C4D9E81199899C700C88704 /* Resources */ = {
			isa = PBXResourcesBuildPhase;
			buildActionMask = 2147483647;
			files = (
				1C4D9E9F199899C800C88704 /* Images.xcassets in Resources */,
				1C4D9E91199899C700C88704 /* InfoPlist.strings in Resources */,
				1C4D9E9A199899C800C88704 /* Main.storyboard in Resources */,
			);
			runOnlyForDeploymentPostprocessing = 0;
		};
		1C4D9EA2199899C800C88704 /* Resources */ = {
			isa = PBXResourcesBuildPhase;
			buildActionMask = 2147483647;
			files = (
				1C4D9EB0199899C800C88704 /* InfoPlist.strings in Resources */,
			);
			runOnlyForDeploymentPostprocessing = 0;
		};
/* End PBXResourcesBuildPhase section */

/* Begin PBXShellScriptBuildPhase section */
		72810AAB6DE24015B0D9068B /* Check Pods Manifest.lock */ = {
			isa = PBXShellScriptBuildPhase;
			buildActionMask = 2147483647;
			files = (
			);
			inputPaths = (
			);
			name = "Check Pods Manifest.lock";
			outputPaths = (
			);
			runOnlyForDeploymentPostprocessing = 0;
			shellPath = /bin/sh;
			shellScript = "diff \"${PODS_ROOT}/../Podfile.lock\" \"${PODS_ROOT}/Manifest.lock\" > /dev/null\nif [[ $? != 0 ]] ; then\n    cat << EOM\nerror: The sandbox is not in sync with the Podfile.lock. Run 'pod install' or update your CocoaPods installation.\nEOM\n    exit 1\nfi\n";
			showEnvVarsInLog = 0;
		};
		B0FEACD5C3894AE383E12538 /* Copy Pods Resources */ = {
			isa = PBXShellScriptBuildPhase;
			buildActionMask = 2147483647;
			files = (
			);
			inputPaths = (
			);
			name = "Copy Pods Resources";
			outputPaths = (
			);
			runOnlyForDeploymentPostprocessing = 0;
			shellPath = /bin/sh;
			shellScript = "\"${SRCROOT}/Pods/Pods-resources.sh\"\n";
			showEnvVarsInLog = 0;
		};
/* End PBXShellScriptBuildPhase section */

/* Begin PBXSourcesBuildPhase section */
		1C4D9E7F199899C700C88704 /* Sources */ = {
			isa = PBXSourcesBuildPhase;
			buildActionMask = 2147483647;
			files = (
				1CF4CED819AC6BF00050C09A /* AFDownloadRequestOperation.m in Sources */,
				1C4D9E97199899C800C88704 /* CCAppDelegate.m in Sources */,
				1C4D9E93199899C700C88704 /* main.m in Sources */,
				1CF4CED919AC6BF00050C09A /* DownLoadService.m in Sources */,
				1C4D9E9D199899C800C88704 /* CCViewController.m in Sources */,
			);
			runOnlyForDeploymentPostprocessing = 0;
		};
		1C4D9EA0199899C800C88704 /* Sources */ = {
			isa = PBXSourcesBuildPhase;
			buildActionMask = 2147483647;
			files = (
				1C4D9EB2199899C800C88704 /* UploadDemoTests.m in Sources */,
			);
			runOnlyForDeploymentPostprocessing = 0;
		};
/* End PBXSourcesBuildPhase section */

/* Begin PBXTargetDependency section */
		1C4D9EAA199899C800C88704 /* PBXTargetDependency */ = {
			isa = PBXTargetDependency;
			target = 1C4D9E82199899C700C88704 /* UploadDemo */;
			targetProxy = 1C4D9EA9199899C800C88704 /* PBXContainerItemProxy */;
		};
/* End PBXTargetDependency section */

/* Begin PBXVariantGroup section */
		1C4D9E8F199899C700C88704 /* InfoPlist.strings */ = {
			isa = PBXVariantGroup;
			children = (
				1C4D9E90199899C700C88704 /* en */,
			);
			name = InfoPlist.strings;
			sourceTree = "<group>";
		};
		1C4D9E98199899C800C88704 /* Main.storyboard */ = {
			isa = PBXVariantGroup;
			children = (
				1C4D9E99199899C800C88704 /* Base */,
			);
			name = Main.storyboard;
			sourceTree = "<group>";
		};
		1C4D9EAE199899C800C88704 /* InfoPlist.strings */ = {
			isa = PBXVariantGroup;
			children = (
				1C4D9EAF199899C800C88704 /* en */,
			);
			name = InfoPlist.strings;
			sourceTree = "<group>";
		};
/* End PBXVariantGroup section */

/* Begin XCBuildConfiguration section */
		1C4D9EB3199899C800C88704 /* Debug */ = {
			isa = XCBuildConfiguration;
			buildSettings = {
				ALWAYS_SEARCH_USER_PATHS = NO;
				CLANG_CXX_LANGUAGE_STANDARD = "gnu++0x";
				CLANG_CXX_LIBRARY = "libc++";
				CLANG_ENABLE_MODULES = YES;
				CLANG_ENABLE_OBJC_ARC = YES;
				CLANG_WARN_BOOL_CONVERSION = YES;
				CLANG_WARN_CONSTANT_CONVERSION = YES;
				CLANG_WARN_DIRECT_OBJC_ISA_USAGE = YES_ERROR;
				CLANG_WARN_EMPTY_BODY = YES;
				CLANG_WARN_ENUM_CONVERSION = YES;
				CLANG_WARN_INT_CONVERSION = YES;
				CLANG_WARN_OBJC_ROOT_CLASS = YES_ERROR;
				CLANG_WARN__DUPLICATE_METHOD_MATCH = YES;
				"CODE_SIGN_IDENTITY[sdk=iphoneos*]" = "iPhone Developer";
				COPY_PHASE_STRIP = NO;
				GCC_C_LANGUAGE_STANDARD = gnu99;
				GCC_DYNAMIC_NO_PIC = NO;
				GCC_OPTIMIZATION_LEVEL = 0;
				GCC_PREPROCESSOR_DEFINITIONS = (
					"DEBUG=1",
					"$(inherited)",
				);
				GCC_SYMBOLS_PRIVATE_EXTERN = NO;
				GCC_WARN_64_TO_32_BIT_CONVERSION = YES;
				GCC_WARN_ABOUT_RETURN_TYPE = YES_ERROR;
				GCC_WARN_UNDECLARED_SELECTOR = YES;
				GCC_WARN_UNINITIALIZED_AUTOS = YES_AGGRESSIVE;
				GCC_WARN_UNUSED_FUNCTION = YES;
				GCC_WARN_UNUSED_VARIABLE = YES;
				IPHONEOS_DEPLOYMENT_TARGET = 7.1;
				ONLY_ACTIVE_ARCH = YES;
				SDKROOT = iphoneos;
			};
			name = Debug;
		};
		1C4D9EB4199899C800C88704 /* Release */ = {
			isa = XCBuildConfiguration;
			buildSettings = {
				ALWAYS_SEARCH_USER_PATHS = NO;
				CLANG_CXX_LANGUAGE_STANDARD = "gnu++0x";
				CLANG_CXX_LIBRARY = "libc++";
				CLANG_ENABLE_MODULES = YES;
				CLANG_ENABLE_OBJC_ARC = YES;
				CLANG_WARN_BOOL_CONVERSION = YES;
				CLANG_WARN_CONSTANT_CONVERSION = YES;
				CLANG_WARN_DIRECT_OBJC_ISA_USAGE = YES_ERROR;
				CLANG_WARN_EMPTY_BODY = YES;
				CLANG_WARN_ENUM_CONVERSION = YES;
				CLANG_WARN_INT_CONVERSION = YES;
				CLANG_WARN_OBJC_ROOT_CLASS = YES_ERROR;
				CLANG_WARN__DUPLICATE_METHOD_MATCH = YES;
				"CODE_SIGN_IDENTITY[sdk=iphoneos*]" = "iPhone Developer";
				COPY_PHASE_STRIP = YES;
				ENABLE_NS_ASSERTIONS = NO;
				GCC_C_LANGUAGE_STANDARD = gnu99;
				GCC_WARN_64_TO_32_BIT_CONVERSION = YES;
				GCC_WARN_ABOUT_RETURN_TYPE = YES_ERROR;
				GCC_WARN_UNDECLARED_SELECTOR = YES;
				GCC_WARN_UNINITIALIZED_AUTOS = YES_AGGRESSIVE;
				GCC_WARN_UNUSED_FUNCTION = YES;
				GCC_WARN_UNUSED_VARIABLE = YES;
				IPHONEOS_DEPLOYMENT_TARGET = 7.1;
				SDKROOT = iphoneos;
				VALIDATE_PRODUCT = YES;
			};
			name = Release;
		};
		1C4D9EB6199899C800C88704 /* Debug */ = {
			isa = XCBuildConfiguration;
			baseConfigurationReference = 1392E9A468804217A914530D /* Pods.xcconfig */;
			buildSettings = {
				ASSETCATALOG_COMPILER_APPICON_NAME = AppIcon;
				ASSETCATALOG_COMPILER_LAUNCHIMAGE_NAME = LaunchImage;
				GCC_PRECOMPILE_PREFIX_HEADER = YES;
				GCC_PREFIX_HEADER = "UploadDemo/UploadDemo-Prefix.pch";
				INFOPLIST_FILE = "UploadDemo/UploadDemo-Info.plist";
				PRODUCT_NAME = "$(TARGET_NAME)";
				WRAPPER_EXTENSION = app;
			};
			name = Debug;
		};
		1C4D9EB7199899C800C88704 /* Release */ = {
			isa = XCBuildConfiguration;
			baseConfigurationReference = 1392E9A468804217A914530D /* Pods.xcconfig */;
			buildSettings = {
				ASSETCATALOG_COMPILER_APPICON_NAME = AppIcon;
				ASSETCATALOG_COMPILER_LAUNCHIMAGE_NAME = LaunchImage;
				GCC_PRECOMPILE_PREFIX_HEADER = YES;
				GCC_PREFIX_HEADER = "UploadDemo/UploadDemo-Prefix.pch";
				INFOPLIST_FILE = "UploadDemo/UploadDemo-Info.plist";
				PRODUCT_NAME = "$(TARGET_NAME)";
				WRAPPER_EXTENSION = app;
			};
			name = Release;
		};
		1C4D9EB9199899C800C88704 /* Debug */ = {
			isa = XCBuildConfiguration;
			buildSettings = {
				BUNDLE_LOADER = "$(BUILT_PRODUCTS_DIR)/UploadDemo.app/UploadDemo";
				FRAMEWORK_SEARCH_PATHS = (
					"$(SDKROOT)/Developer/Library/Frameworks",
					"$(inherited)",
					"$(DEVELOPER_FRAMEWORKS_DIR)",
				);
				GCC_PRECOMPILE_PREFIX_HEADER = YES;
				GCC_PREFIX_HEADER = "UploadDemo/UploadDemo-Prefix.pch";
				GCC_PREPROCESSOR_DEFINITIONS = (
					"DEBUG=1",
					"$(inherited)",
				);
				INFOPLIST_FILE = "UploadDemoTests/UploadDemoTests-Info.plist";
				PRODUCT_NAME = "$(TARGET_NAME)";
				TEST_HOST = "$(BUNDLE_LOADER)";
				WRAPPER_EXTENSION = xctest;
			};
			name = Debug;
		};
		1C4D9EBA199899C800C88704 /* Release */ = {
			isa = XCBuildConfiguration;
			buildSettings = {
				BUNDLE_LOADER = "$(BUILT_PRODUCTS_DIR)/UploadDemo.app/UploadDemo";
				FRAMEWORK_SEARCH_PATHS = (
					"$(SDKROOT)/Developer/Library/Frameworks",
					"$(inherited)",
					"$(DEVELOPER_FRAMEWORKS_DIR)",
				);
				GCC_PRECOMPILE_PREFIX_HEADER = YES;
				GCC_PREFIX_HEADER = "UploadDemo/UploadDemo-Prefix.pch";
				INFOPLIST_FILE = "UploadDemoTests/UploadDemoTests-Info.plist";
				PRODUCT_NAME = "$(TARGET_NAME)";
				TEST_HOST = "$(BUNDLE_LOADER)";
				WRAPPER_EXTENSION = xctest;
			};
			name = Release;
		};
/* End XCBuildConfiguration section */

/* Begin XCConfigurationList section */
		1C4D9E7E199899C700C88704 /* Build configuration list for PBXProject "UploadDemo" */ = {
			isa = XCConfigurationList;
			buildConfigurations = (
				1C4D9EB3199899C800C88704 /* Debug */,
				1C4D9EB4199899C800C88704 /* Release */,
			);
			defaultConfigurationIsVisible = 0;
			defaultConfigurationName = Release;
		};
		1C4D9EB5199899C800C88704 /* Build configuration list for PBXNativeTarget "UploadDemo" */ = {
			isa = XCConfigurationList;
			buildConfigurations = (
				1C4D9EB6199899C800C88704 /* Debug */,
				1C4D9EB7199899C800C88704 /* Release */,
			);
			defaultConfigurationIsVisible = 0;
			defaultConfigurationName = Release;
		};
		1C4D9EB8199899C800C88704 /* Build configuration list for PBXNativeTarget "UploadDemoTests" */ = {
			isa = XCConfigurationList;
			buildConfigurations = (
				1C4D9EB9199899C800C88704 /* Debug */,
				1C4D9EBA199899C800C88704 /* Release */,
			);
			defaultConfigurationIsVisible = 0;
			defaultConfigurationName = Release;
		};
/* End XCConfigurationList section */
	};
	rootObject = 1C4D9E7B199899C700C88704 /* Project object */;
}
